
Microsoft Visual Studio Solution File, Format Version 12.00
# Visual Studio 15
VisualStudioVersion = 15.0.27004.2009
MinimumVisualStudioVersion = 10.0.40219.1
Project("{F2A71F9B-5D33-465A-A702-920D77279786}") = "DotNetList.Core", "DotNetList.Core\DotNetList.Core.fsproj", "{4A12D5C7-3F66-47B0-90B9-6EC9E1EF6616}"
EndProject
Project("{FAE04EC0-301F-11D3-BF4B-00C04F79EFBC}") = "DotNetList", "DotNetList\DotNetList.csproj", "{29D4A069-5171-48DF-91B6-8D85334FB19E}"
EndProject
Project("{FAE04EC0-301F-11D3-BF4B-00C04F79EFBC}") = "DotNetList.FunctionalExtensions", "DotNetList.FunctionalExtensions\DotNetList.FunctionalExtensions.csproj", "{1EA3F546-BDB8-49BA-94F1-664E1ECEB350}"
EndProject
Global
	GlobalSection(SolutionConfigurationPlatforms) = preSolution
		Debug|Any CPU = Debug|Any CPU
		Release|Any CPU = Release|Any CPU
	EndGlobalSection
	GlobalSection(ProjectConfigurationPlatforms) = postSolution
		{4A12D5C7-3F66-47B0-90B9-6EC9E1EF6616}.Debug|Any CPU.ActiveCfg = Debug|Any CPU
		{4A12D5C7-3F66-47B0-90B9-6EC9E1EF6616}.Debug|Any CPU.Build.0 = Debug|Any CPU
		{4A12D5C7-3F66-47B0-90B9-6EC9E1EF6616}.Release|Any CPU.ActiveCfg = Release|Any CPU
		{4A12D5C7-3F66-47B0-90B9-6EC9E1EF6616}.Release|Any CPU.Build.0 = Release|Any CPU
		{29D4A069-5171-48DF-91B6-8D85334FB19E}.Debug|Any CPU.ActiveCfg = Debug|Any CPU
		{29D4A069-5171-48DF-91B6-8D85334FB19E}.Debug|Any CPU.Build.0 = Debug|Any CPU
		{29D4A069-5171-48DF-91B6-8D85334FB19E}.Release|Any CPU.ActiveCfg = Release|Any CPU
		{29D4A069-5171-48DF-91B6-8D85334FB19E}.Release|Any CPU.Build.0 = Release|Any CPU
		{1EA3F546-BDB8-49BA-94F1-664E1ECEB350}.Debug|Any CPU.ActiveCfg = Debug|Any CPU
		{1EA3F546-BDB8-49BA-94F1-664E1ECEB350}.Debug|Any CPU.Build.0 = Debug|Any CPU
		{1EA3F546-BDB8-49BA-94F1-664E1ECEB350}.Release|Any CPU.ActiveCfg = Release|Any CPU
		{1EA3F546-BDB8-49BA-94F1-664E1ECEB350}.Release|Any CPU.Build.0 = Release|Any CPU
	EndGlobalSection
	GlobalSection(SolutionProperties) = preSolution
		HideSolutionNode = FALSE
	EndGlobalSection
	GlobalSection(ExtensibilityGlobals) = postSolution
		SolutionGuid = {DC998016-4714-47B0-927A-B40394F44F9E}
	EndGlobalSection
EndGlobal
